
Microsoft Visual Studio Solution File, Format Version 12.00
# Visual Studio 14
VisualStudioVersion = 14.0.25420.1
MinimumVisualStudioVersion = 10.0.40219.1
Project("{FAE04EC0-301F-11D3-BF4B-00C04F79EFBC}") = "WeatherApp.Services", "WeatherApp.Services\WeatherApp.Services.csproj", "{29CD4E95-EF89-4F66-8960-ACB055E03201}"
EndProject
Project("{FAE04EC0-301F-11D3-BF4B-00C04F79EFBC}") = "WeatherApp.Entities", "WeatherApp.Entities\WeatherApp.Entities.csproj", "{9200342A-BDBE-45CA-B3F3-5DEE0118FEE4}"
EndProject
Project("{FAE04EC0-301F-11D3-BF4B-00C04F79EFBC}") = "WeatherApp.Data", "WeatherApp.Data\WeatherApp.Data.csproj", "{3BC00884-6BB8-48BF-9DB0-D2959F4B3084}"
EndProject
Project("{FAE04EC0-301F-11D3-BF4B-00C04F79EFBC}") = "WeatherIISHost", "WeatherIISHost\WeatherIISHost.csproj", "{257779F8-0512-4CB1-ADC4-C8BFAB73529F}"
EndProject
Project("{FAE04EC0-301F-11D3-BF4B-00C04F79EFBC}") = "WeatherAppWebClient", "WeatherAppWebClient\WeatherAppWebClient.csproj", "{4E24574F-273E-455A-8E7B-A09F6CD7A66D}"
EndProject
Global
	GlobalSection(SolutionConfigurationPlatforms) = preSolution
		Debug|Any CPU = Debug|Any CPU
		Release|Any CPU = Release|Any CPU
	EndGlobalSection
	GlobalSection(ProjectConfigurationPlatforms) = postSolution
		{29CD4E95-EF89-4F66-8960-ACB055E03201}.Debug|Any CPU.ActiveCfg = Debug|Any CPU
		{29CD4E95-EF89-4F66-8960-ACB055E03201}.Debug|Any CPU.Build.0 = Debug|Any CPU
		{29CD4E95-EF89-4F66-8960-ACB055E03201}.Release|Any CPU.ActiveCfg = Release|Any CPU
		{29CD4E95-EF89-4F66-8960-ACB055E03201}.Release|Any CPU.Build.0 = Release|Any CPU
		{9200342A-BDBE-45CA-B3F3-5DEE0118FEE4}.Debug|Any CPU.ActiveCfg = Debug|Any CPU
		{9200342A-BDBE-45CA-B3F3-5DEE0118FEE4}.Debug|Any CPU.Build.0 = Debug|Any CPU
		{9200342A-BDBE-45CA-B3F3-5DEE0118FEE4}.Release|Any CPU.ActiveCfg = Release|Any CPU
		{9200342A-BDBE-45CA-B3F3-5DEE0118FEE4}.Release|Any CPU.Build.0 = Release|Any CPU
		{3BC00884-6BB8-48BF-9DB0-D2959F4B3084}.Debug|Any CPU.ActiveCfg = Debug|Any CPU
		{3BC00884-6BB8-48BF-9DB0-D2959F4B3084}.Debug|Any CPU.Build.0 = Debug|Any CPU
		{3BC00884-6BB8-48BF-9DB0-D2959F4B3084}.Release|Any CPU.ActiveCfg = Release|Any CPU
		{3BC00884-6BB8-48BF-9DB0-D2959F4B3084}.Release|Any CPU.Build.0 = Release|Any CPU
		{257779F8-0512-4CB1-ADC4-C8BFAB73529F}.Debug|Any CPU.ActiveCfg = Debug|Any CPU
		{257779F8-0512-4CB1-ADC4-C8BFAB73529F}.Debug|Any CPU.Build.0 = Debug|Any CPU
		{257779F8-0512-4CB1-ADC4-C8BFAB73529F}.Release|Any CPU.ActiveCfg = Release|Any CPU
		{257779F8-0512-4CB1-ADC4-C8BFAB73529F}.Release|Any CPU.Build.0 = Release|Any CPU
		{4E24574F-273E-455A-8E7B-A09F6CD7A66D}.Debug|Any CPU.ActiveCfg = Debug|Any CPU
		{4E24574F-273E-455A-8E7B-A09F6CD7A66D}.Debug|Any CPU.Build.0 = Debug|Any CPU
		{4E24574F-273E-455A-8E7B-A09F6CD7A66D}.Release|Any CPU.ActiveCfg = Release|Any CPU
		{4E24574F-273E-455A-8E7B-A09F6CD7A66D}.Release|Any CPU.Build.0 = Release|Any CPU
	EndGlobalSection
	GlobalSection(SolutionProperties) = preSolution
		HideSolutionNode = FALSE
	EndGlobalSection
EndGlobal
